
Microsoft Visual Studio Solution File, Format Version 12.00
# Visual Studio Version 17
VisualStudioVersion = 17.5.33516.290
MinimumVisualStudioVersion = 10.0.40219.1
Project("{9A19103F-16F7-4668-BE54-9A1E7A4F7556}") = "EGNWebApi", "EGNWebApi\EGNWebApi.csproj", "{BB646719-7375-4DA1-BAE6-9C689E2B21B6}"
EndProject
Project("{9A19103F-16F7-4668-BE54-9A1E7A4F7556}") = "EGNLogic", "EGNLogic\EGNLogic.csproj", "{228B255B-8BBE-4F6D-A4CD-E710C13358D6}"
EndProject
Project("{FAE04EC0-301F-11D3-BF4B-00C04F79EFBC}") = "EGNConsoleUI", "EGNConsoleUI\EGNConsoleUI.csproj", "{1863E27B-DFC3-4FA9-A001-3747DDEA41D4}"
EndProject
Global
	GlobalSection(SolutionConfigurationPlatforms) = preSolution
		Debug|Any CPU = Debug|Any CPU
		Release|Any CPU = Release|Any CPU
	EndGlobalSection
	GlobalSection(ProjectConfigurationPlatforms) = postSolution
		{BB646719-7375-4DA1-BAE6-9C689E2B21B6}.Debug|Any CPU.ActiveCfg = Debug|Any CPU
		{BB646719-7375-4DA1-BAE6-9C689E2B21B6}.Debug|Any CPU.Build.0 = Debug|Any CPU
		{BB646719-7375-4DA1-BAE6-9C689E2B21B6}.Release|Any CPU.ActiveCfg = Release|Any CPU
		{BB646719-7375-4DA1-BAE6-9C689E2B21B6}.Release|Any CPU.Build.0 = Release|Any CPU
		{228B255B-8BBE-4F6D-A4CD-E710C13358D6}.Debug|Any CPU.ActiveCfg = Debug|Any CPU
		{228B255B-8BBE-4F6D-A4CD-E710C13358D6}.Debug|Any CPU.Build.0 = Debug|Any CPU
		{228B255B-8BBE-4F6D-A4CD-E710C13358D6}.Release|Any CPU.ActiveCfg = Release|Any CPU
		{228B255B-8BBE-4F6D-A4CD-E710C13358D6}.Release|Any CPU.Build.0 = Release|Any CPU
		{1863E27B-DFC3-4FA9-A001-3747DDEA41D4}.Debug|Any CPU.ActiveCfg = Debug|Any CPU
		{1863E27B-DFC3-4FA9-A001-3747DDEA41D4}.Debug|Any CPU.Build.0 = Debug|Any CPU
		{1863E27B-DFC3-4FA9-A001-3747DDEA41D4}.Release|Any CPU.ActiveCfg = Release|Any CPU
		{1863E27B-DFC3-4FA9-A001-3747DDEA41D4}.Release|Any CPU.Build.0 = Release|Any CPU
	EndGlobalSection
	GlobalSection(SolutionProperties) = preSolution
		HideSolutionNode = FALSE
	EndGlobalSection
	GlobalSection(ExtensibilityGlobals) = postSolution
		SolutionGuid = {A90501DB-35CC-4301-8BE1-3271379C2102}
	EndGlobalSection
EndGlobal
